// !$*UTF8*$!
{
	archiveVersion = 1;
	classes = {
	};
	objectVersion = 56;
	objects = {

/* Begin PBXBuildFile section */
		4E275EB72C1EA47800167C14 /* TabBarViewController.swift in Sources */ = {isa = PBXBuildFile; fileRef = 4E275EB62C1EA47800167C14 /* TabBarViewController.swift */; };
		4E275EB92C1EA4B100167C14 /* SearchViewController.swift in Sources */ = {isa = PBXBuildFile; fileRef = 4E275EB82C1EA4B100167C14 /* SearchViewController.swift */; };
		4E275EBB2C1EA4BD00167C14 /* SettingViewController.swift in Sources */ = {isa = PBXBuildFile; fileRef = 4E275EBA2C1EA4BD00167C14 /* SettingViewController.swift */; };
		4E275EBD2C1EA9BD00167C14 /* SettingView.swift in Sources */ = {isa = PBXBuildFile; fileRef = 4E275EBC2C1EA9BD00167C14 /* SettingView.swift */; };
		4E275EBF2C1EAAF500167C14 /* SearchView.swift in Sources */ = {isa = PBXBuildFile; fileRef = 4E275EBE2C1EAAF500167C14 /* SearchView.swift */; };
		4E275EC72C1EB23B00167C14 /* SearchResultViewController.swift in Sources */ = {isa = PBXBuildFile; fileRef = 4E275EC62C1EB23B00167C14 /* SearchResultViewController.swift */; };
		4E275EC92C1EB24800167C14 /* SearchResultView.swift in Sources */ = {isa = PBXBuildFile; fileRef = 4E275EC82C1EB24800167C14 /* SearchResultView.swift */; };
		4E275ECB2C1EB69F00167C14 /* BaseSortButton.swift in Sources */ = {isa = PBXBuildFile; fileRef = 4E275ECA2C1EB69F00167C14 /* BaseSortButton.swift */; };
		4E275ECD2C1EBE3A00167C14 /* SearchResultCollectionViewCell.swift in Sources */ = {isa = PBXBuildFile; fileRef = 4E275ECC2C1EBE3A00167C14 /* SearchResultCollectionViewCell.swift */; };
		4E275ECF2C1EC4A000167C14 /* SearchResultModel.swift in Sources */ = {isa = PBXBuildFile; fileRef = 4E275ECE2C1EC4A000167C14 /* SearchResultModel.swift */; };
		4E3AF1E92C200AAB009F8472 /* ItemResult.swift in Sources */ = {isa = PBXBuildFile; fileRef = 4E3AF1E82C200AAB009F8472 /* ItemResult.swift */; };
		4E3AF1EB2C20183F009F8472 /* SearchDetailViewController.swift in Sources */ = {isa = PBXBuildFile; fileRef = 4E3AF1EA2C20183F009F8472 /* SearchDetailViewController.swift */; };
		4E3AF1ED2C2018B1009F8472 /* SearchDetailView.swift in Sources */ = {isa = PBXBuildFile; fileRef = 4E3AF1EC2C2018B1009F8472 /* SearchDetailView.swift */; };
		4E3AF1F02C202A92009F8472 /* UserDefaultManager.swift in Sources */ = {isa = PBXBuildFile; fileRef = 4E3AF1EF2C202A92009F8472 /* UserDefaultManager.swift */; };
		4E3AF1F42C203B45009F8472 /* SearchDetailModel.swift in Sources */ = {isa = PBXBuildFile; fileRef = 4E3AF1F32C203B45009F8472 /* SearchDetailModel.swift */; };
		4E3AF1F62C20587A009F8472 /* SettingTableViewCell.swift in Sources */ = {isa = PBXBuildFile; fileRef = 4E3AF1F52C20587A009F8472 /* SettingTableViewCell.swift */; };
		4E3AF1F82C2058E6009F8472 /* UITableViewCell+Extension.swift in Sources */ = {isa = PBXBuildFile; fileRef = 4E3AF1F72C2058E6009F8472 /* UITableViewCell+Extension.swift */; };
		4E3AF1FA2C206684009F8472 /* UILabel+Extension.swift in Sources */ = {isa = PBXBuildFile; fileRef = 4E3AF1F92C206684009F8472 /* UILabel+Extension.swift */; };
		4E3AF1FC2C206AA4009F8472 /* UIViewController+Extension.swift in Sources */ = {isa = PBXBuildFile; fileRef = 4E3AF1FB2C206AA4009F8472 /* UIViewController+Extension.swift */; };
		4E3AF1FE2C206DE5009F8472 /* UIView+Extension.swift in Sources */ = {isa = PBXBuildFile; fileRef = 4E3AF1FD2C206DE5009F8472 /* UIView+Extension.swift */; };
		4E3AF2002C206F64009F8472 /* NicknameChangeViewController.swift in Sources */ = {isa = PBXBuildFile; fileRef = 4E3AF1FF2C206F64009F8472 /* NicknameChangeViewController.swift */; };
		4E3AF20E2C213FE1009F8472 /* ImageChangeViewController.swift in Sources */ = {isa = PBXBuildFile; fileRef = 4E3AF20D2C213FE1009F8472 /* ImageChangeViewController.swift */; };
		4E3AF2102C214453009F8472 /* SearchedWordTableViewCell.swift in Sources */ = {isa = PBXBuildFile; fileRef = 4E3AF20F2C214453009F8472 /* SearchedWordTableViewCell.swift */; };
		4E3AF2122C216E49009F8472 /* UITableView+Extension.swift in Sources */ = {isa = PBXBuildFile; fileRef = 4E3AF2112C216E49009F8472 /* UITableView+Extension.swift */; };
		4E3AF2142C217D81009F8472 /* SearchModel.swift in Sources */ = {isa = PBXBuildFile; fileRef = 4E3AF2132C217D81009F8472 /* SearchModel.swift */; };
		4E3AF2162C2184BA009F8472 /* SettingModel.swift in Sources */ = {isa = PBXBuildFile; fileRef = 4E3AF2152C2184BA009F8472 /* SettingModel.swift */; };
		4E76236F2C1BCDE8002DDB17 /* Fonts.swift in Sources */ = {isa = PBXBuildFile; fileRef = 4E76236E2C1BCDE8002DDB17 /* Fonts.swift */; };
		4E7623722C1BD12C002DDB17 /* BaseView.swift in Sources */ = {isa = PBXBuildFile; fileRef = 4E7623712C1BD12C002DDB17 /* BaseView.swift */; };
		4E7623742C1BD975002DDB17 /* Names.swift in Sources */ = {isa = PBXBuildFile; fileRef = 4E7623732C1BD975002DDB17 /* Names.swift */; };
		4E7623762C1BDA1B002DDB17 /* Images.swift in Sources */ = {isa = PBXBuildFile; fileRef = 4E7623752C1BDA1B002DDB17 /* Images.swift */; };
		4E7623782C1BE0DF002DDB17 /* BaseButton.swift in Sources */ = {isa = PBXBuildFile; fileRef = 4E7623772C1BE0DF002DDB17 /* BaseButton.swift */; };
		4E76237A2C1BE492002DDB17 /* NicknameSettingViewController.swift in Sources */ = {isa = PBXBuildFile; fileRef = 4E7623792C1BE492002DDB17 /* NicknameSettingViewController.swift */; };
		4E76237D2C1BF1F0002DDB17 /* OnboardingView.swift in Sources */ = {isa = PBXBuildFile; fileRef = 4E76237C2C1BF1F0002DDB17 /* OnboardingView.swift */; };
		4E76237F2C1C1393002DDB17 /* NicknameSettingView.swift in Sources */ = {isa = PBXBuildFile; fileRef = 4E76237E2C1C1393002DDB17 /* NicknameSettingView.swift */; };
		4E7623842C1D5B26002DDB17 /* UINavigationController+Extension.swift in Sources */ = {isa = PBXBuildFile; fileRef = 4E7623832C1D5B26002DDB17 /* UINavigationController+Extension.swift */; };
		4E7623862C1D5EBF002DDB17 /* BaseDivider.swift in Sources */ = {isa = PBXBuildFile; fileRef = 4E7623852C1D5EBF002DDB17 /* BaseDivider.swift */; };
		4E7623882C1D62F1002DDB17 /* BaseProfileView.swift in Sources */ = {isa = PBXBuildFile; fileRef = 4E7623872C1D62F1002DDB17 /* BaseProfileView.swift */; };
		4E76238A2C1D6BA5002DDB17 /* UITextField+Extension.swift in Sources */ = {isa = PBXBuildFile; fileRef = 4E7623892C1D6BA5002DDB17 /* UITextField+Extension.swift */; };
		4E76238F2C1D77E6002DDB17 /* BaseTextField.swift in Sources */ = {isa = PBXBuildFile; fileRef = 4E76238E2C1D77E6002DDB17 /* BaseTextField.swift */; };
		4E7623912C1D81C3002DDB17 /* NicknameSettingModel.swift in Sources */ = {isa = PBXBuildFile; fileRef = 4E7623902C1D81C3002DDB17 /* NicknameSettingModel.swift */; };
		4E7623932C1DA0BB002DDB17 /* ImageSettingViewController.swift in Sources */ = {isa = PBXBuildFile; fileRef = 4E7623922C1DA0BB002DDB17 /* ImageSettingViewController.swift */; };
		4E7623952C1DA0F5002DDB17 /* ImageSettingView.swift in Sources */ = {isa = PBXBuildFile; fileRef = 4E7623942C1DA0F5002DDB17 /* ImageSettingView.swift */; };
		4E76239C2C1DA564002DDB17 /* ProfileImageCollectionViewCell.swift in Sources */ = {isa = PBXBuildFile; fileRef = 4E76239B2C1DA564002DDB17 /* ProfileImageCollectionViewCell.swift */; };
		4E7D0A2F2C32B64C000A9FF2 /* NSObjectProtocol + Extension.swift in Sources */ = {isa = PBXBuildFile; fileRef = 4E7D0A2E2C32B64C000A9FF2 /* NSObjectProtocol + Extension.swift */; };
		4EAEEAA32C1AF52900A61BE4 /* AppDelegate.swift in Sources */ = {isa = PBXBuildFile; fileRef = 4EAEEAA22C1AF52900A61BE4 /* AppDelegate.swift */; };
		4EAEEAA52C1AF52900A61BE4 /* SceneDelegate.swift in Sources */ = {isa = PBXBuildFile; fileRef = 4EAEEAA42C1AF52900A61BE4 /* SceneDelegate.swift */; };
		4EAEEAAC2C1AF52B00A61BE4 /* Assets.xcassets in Resources */ = {isa = PBXBuildFile; fileRef = 4EAEEAAB2C1AF52B00A61BE4 /* Assets.xcassets */; };
		4EAEEAAF2C1AF52B00A61BE4 /* Base in Resources */ = {isa = PBXBuildFile; fileRef = 4EAEEAAE2C1AF52B00A61BE4 /* Base */; };
		4EAEEAB82C1AF59F00A61BE4 /* .gitignore in Resources */ = {isa = PBXBuildFile; fileRef = 4EAEEAB72C1AF59F00A61BE4 /* .gitignore */; };
		4EAEEABE2C1AF6BE00A61BE4 /* OnboardingViewController.swift in Sources */ = {isa = PBXBuildFile; fileRef = 4EAEEABD2C1AF6BE00A61BE4 /* OnboardingViewController.swift */; };
		4EAEEAC12C1AF7C700A61BE4 /* APIKey.swift in Sources */ = {isa = PBXBuildFile; fileRef = 4EAEEAC02C1AF7C700A61BE4 /* APIKey.swift */; };
		4EAEEAC32C1AFD4A00A61BE4 /* Colors.swift in Sources */ = {isa = PBXBuildFile; fileRef = 4EAEEAC22C1AFD4A00A61BE4 /* Colors.swift */; };
		4EAEEAC62C1B003000A61BE4 /* ZingRustDemo-Base.otf in Resources */ = {isa = PBXBuildFile; fileRef = 4EAEEAC52C1B003000A61BE4 /* ZingRustDemo-Base.otf */; };
		4EAEEAC92C1B01DB00A61BE4 /* SnapKit in Frameworks */ = {isa = PBXBuildFile; productRef = 4EAEEAC82C1B01DB00A61BE4 /* SnapKit */; };
		4EAEEACC2C1B01E200A61BE4 /* Toast in Frameworks */ = {isa = PBXBuildFile; productRef = 4EAEEACB2C1B01E200A61BE4 /* Toast */; };
		4EAEEACF2C1B01EC00A61BE4 /* Kingfisher in Frameworks */ = {isa = PBXBuildFile; productRef = 4EAEEACE2C1B01EC00A61BE4 /* Kingfisher */; };
		4EAEEAD22C1B01F600A61BE4 /* Alamofire in Frameworks */ = {isa = PBXBuildFile; productRef = 4EAEEAD12C1B01F600A61BE4 /* Alamofire */; };
/* End PBXBuildFile section */

/* Begin PBXFileReference section */
		4E275EB62C1EA47800167C14 /* TabBarViewController.swift */ = {isa = PBXFileReference; lastKnownFileType = sourcecode.swift; path = TabBarViewController.swift; sourceTree = "<group>"; };
		4E275EB82C1EA4B100167C14 /* SearchViewController.swift */ = {isa = PBXFileReference; lastKnownFileType = sourcecode.swift; path = SearchViewController.swift; sourceTree = "<group>"; };
		4E275EBA2C1EA4BD00167C14 /* SettingViewController.swift */ = {isa = PBXFileReference; lastKnownFileType = sourcecode.swift; path = SettingViewController.swift; sourceTree = "<group>"; };
		4E275EBC2C1EA9BD00167C14 /* SettingView.swift */ = {isa = PBXFileReference; lastKnownFileType = sourcecode.swift; path = SettingView.swift; sourceTree = "<group>"; };
		4E275EBE2C1EAAF500167C14 /* SearchView.swift */ = {isa = PBXFileReference; lastKnownFileType = sourcecode.swift; path = SearchView.swift; sourceTree = "<group>"; };
		4E275EC62C1EB23B00167C14 /* SearchResultViewController.swift */ = {isa = PBXFileReference; lastKnownFileType = sourcecode.swift; path = SearchResultViewController.swift; sourceTree = "<group>"; };
		4E275EC82C1EB24800167C14 /* SearchResultView.swift */ = {isa = PBXFileReference; lastKnownFileType = sourcecode.swift; path = SearchResultView.swift; sourceTree = "<group>"; };
		4E275ECA2C1EB69F00167C14 /* BaseSortButton.swift */ = {isa = PBXFileReference; lastKnownFileType = sourcecode.swift; path = BaseSortButton.swift; sourceTree = "<group>"; };
		4E275ECC2C1EBE3A00167C14 /* SearchResultCollectionViewCell.swift */ = {isa = PBXFileReference; lastKnownFileType = sourcecode.swift; path = SearchResultCollectionViewCell.swift; sourceTree = "<group>"; };
		4E275ECE2C1EC4A000167C14 /* SearchResultModel.swift */ = {isa = PBXFileReference; lastKnownFileType = sourcecode.swift; path = SearchResultModel.swift; sourceTree = "<group>"; };
		4E3AF1E82C200AAB009F8472 /* ItemResult.swift */ = {isa = PBXFileReference; lastKnownFileType = sourcecode.swift; path = ItemResult.swift; sourceTree = "<group>"; };
		4E3AF1EA2C20183F009F8472 /* SearchDetailViewController.swift */ = {isa = PBXFileReference; lastKnownFileType = sourcecode.swift; path = SearchDetailViewController.swift; sourceTree = "<group>"; };
		4E3AF1EC2C2018B1009F8472 /* SearchDetailView.swift */ = {isa = PBXFileReference; lastKnownFileType = sourcecode.swift; path = SearchDetailView.swift; sourceTree = "<group>"; };
		4E3AF1EF2C202A92009F8472 /* UserDefaultManager.swift */ = {isa = PBXFileReference; lastKnownFileType = sourcecode.swift; path = UserDefaultManager.swift; sourceTree = "<group>"; };
		4E3AF1F32C203B45009F8472 /* SearchDetailModel.swift */ = {isa = PBXFileReference; lastKnownFileType = sourcecode.swift; path = SearchDetailModel.swift; sourceTree = "<group>"; };
		4E3AF1F52C20587A009F8472 /* SettingTableViewCell.swift */ = {isa = PBXFileReference; lastKnownFileType = sourcecode.swift; path = SettingTableViewCell.swift; sourceTree = "<group>"; };
		4E3AF1F72C2058E6009F8472 /* UITableViewCell+Extension.swift */ = {isa = PBXFileReference; lastKnownFileType = sourcecode.swift; path = "UITableViewCell+Extension.swift"; sourceTree = "<group>"; };
		4E3AF1F92C206684009F8472 /* UILabel+Extension.swift */ = {isa = PBXFileReference; lastKnownFileType = sourcecode.swift; path = "UILabel+Extension.swift"; sourceTree = "<group>"; };
		4E3AF1FB2C206AA4009F8472 /* UIViewController+Extension.swift */ = {isa = PBXFileReference; lastKnownFileType = sourcecode.swift; path = "UIViewController+Extension.swift"; sourceTree = "<group>"; };
		4E3AF1FD2C206DE5009F8472 /* UIView+Extension.swift */ = {isa = PBXFileReference; lastKnownFileType = sourcecode.swift; path = "UIView+Extension.swift"; sourceTree = "<group>"; };
		4E3AF1FF2C206F64009F8472 /* NicknameChangeViewController.swift */ = {isa = PBXFileReference; lastKnownFileType = sourcecode.swift; path = NicknameChangeViewController.swift; sourceTree = "<group>"; };
		4E3AF20D2C213FE1009F8472 /* ImageChangeViewController.swift */ = {isa = PBXFileReference; lastKnownFileType = sourcecode.swift; path = ImageChangeViewController.swift; sourceTree = "<group>"; };
		4E3AF20F2C214453009F8472 /* SearchedWordTableViewCell.swift */ = {isa = PBXFileReference; lastKnownFileType = sourcecode.swift; path = SearchedWordTableViewCell.swift; sourceTree = "<group>"; };
		4E3AF2112C216E49009F8472 /* UITableView+Extension.swift */ = {isa = PBXFileReference; lastKnownFileType = sourcecode.swift; path = "UITableView+Extension.swift"; sourceTree = "<group>"; };
		4E3AF2132C217D81009F8472 /* SearchModel.swift */ = {isa = PBXFileReference; lastKnownFileType = sourcecode.swift; path = SearchModel.swift; sourceTree = "<group>"; };
		4E3AF2152C2184BA009F8472 /* SettingModel.swift */ = {isa = PBXFileReference; lastKnownFileType = sourcecode.swift; path = SettingModel.swift; sourceTree = "<group>"; };
		4E76236E2C1BCDE8002DDB17 /* Fonts.swift */ = {isa = PBXFileReference; lastKnownFileType = sourcecode.swift; path = Fonts.swift; sourceTree = "<group>"; };
		4E7623712C1BD12C002DDB17 /* BaseView.swift */ = {isa = PBXFileReference; lastKnownFileType = sourcecode.swift; path = BaseView.swift; sourceTree = "<group>"; };
		4E7623732C1BD975002DDB17 /* Names.swift */ = {isa = PBXFileReference; lastKnownFileType = sourcecode.swift; path = Names.swift; sourceTree = "<group>"; };
		4E7623752C1BDA1B002DDB17 /* Images.swift */ = {isa = PBXFileReference; lastKnownFileType = sourcecode.swift; path = Images.swift; sourceTree = "<group>"; };
		4E7623772C1BE0DF002DDB17 /* BaseButton.swift */ = {isa = PBXFileReference; lastKnownFileType = sourcecode.swift; path = BaseButton.swift; sourceTree = "<group>"; };
		4E7623792C1BE492002DDB17 /* NicknameSettingViewController.swift */ = {isa = PBXFileReference; lastKnownFileType = sourcecode.swift; path = NicknameSettingViewController.swift; sourceTree = "<group>"; };
		4E76237C2C1BF1F0002DDB17 /* OnboardingView.swift */ = {isa = PBXFileReference; lastKnownFileType = sourcecode.swift; path = OnboardingView.swift; sourceTree = "<group>"; };
		4E76237E2C1C1393002DDB17 /* NicknameSettingView.swift */ = {isa = PBXFileReference; lastKnownFileType = sourcecode.swift; path = NicknameSettingView.swift; sourceTree = "<group>"; };
		4E7623832C1D5B26002DDB17 /* UINavigationController+Extension.swift */ = {isa = PBXFileReference; lastKnownFileType = sourcecode.swift; path = "UINavigationController+Extension.swift"; sourceTree = "<group>"; };
		4E7623852C1D5EBF002DDB17 /* BaseDivider.swift */ = {isa = PBXFileReference; lastKnownFileType = sourcecode.swift; path = BaseDivider.swift; sourceTree = "<group>"; };
		4E7623872C1D62F1002DDB17 /* BaseProfileView.swift */ = {isa = PBXFileReference; lastKnownFileType = sourcecode.swift; path = BaseProfileView.swift; sourceTree = "<group>"; };
		4E7623892C1D6BA5002DDB17 /* UITextField+Extension.swift */ = {isa = PBXFileReference; lastKnownFileType = sourcecode.swift; path = "UITextField+Extension.swift"; sourceTree = "<group>"; };
		4E76238E2C1D77E6002DDB17 /* BaseTextField.swift */ = {isa = PBXFileReference; lastKnownFileType = sourcecode.swift; path = BaseTextField.swift; sourceTree = "<group>"; };
		4E7623902C1D81C3002DDB17 /* NicknameSettingModel.swift */ = {isa = PBXFileReference; lastKnownFileType = sourcecode.swift; path = NicknameSettingModel.swift; sourceTree = "<group>"; };
		4E7623922C1DA0BB002DDB17 /* ImageSettingViewController.swift */ = {isa = PBXFileReference; lastKnownFileType = sourcecode.swift; path = ImageSettingViewController.swift; sourceTree = "<group>"; };
		4E7623942C1DA0F5002DDB17 /* ImageSettingView.swift */ = {isa = PBXFileReference; lastKnownFileType = sourcecode.swift; path = ImageSettingView.swift; sourceTree = "<group>"; };
		4E76239B2C1DA564002DDB17 /* ProfileImageCollectionViewCell.swift */ = {isa = PBXFileReference; lastKnownFileType = sourcecode.swift; path = ProfileImageCollectionViewCell.swift; sourceTree = "<group>"; };
		4E7D0A2E2C32B64C000A9FF2 /* NSObjectProtocol + Extension.swift */ = {isa = PBXFileReference; lastKnownFileType = sourcecode.swift; path = "NSObjectProtocol + Extension.swift"; sourceTree = "<group>"; };
		4EAEEA9F2C1AF52900A61BE4 /* FinalChoice.app */ = {isa = PBXFileReference; explicitFileType = wrapper.application; includeInIndex = 0; path = FinalChoice.app; sourceTree = BUILT_PRODUCTS_DIR; };
		4EAEEAA22C1AF52900A61BE4 /* AppDelegate.swift */ = {isa = PBXFileReference; lastKnownFileType = sourcecode.swift; path = AppDelegate.swift; sourceTree = "<group>"; };
		4EAEEAA42C1AF52900A61BE4 /* SceneDelegate.swift */ = {isa = PBXFileReference; lastKnownFileType = sourcecode.swift; path = SceneDelegate.swift; sourceTree = "<group>"; };
		4EAEEAAB2C1AF52B00A61BE4 /* Assets.xcassets */ = {isa = PBXFileReference; lastKnownFileType = folder.assetcatalog; path = Assets.xcassets; sourceTree = "<group>"; };
		4EAEEAAE2C1AF52B00A61BE4 /* Base */ = {isa = PBXFileReference; lastKnownFileType = file.storyboard; name = Base; path = Base.lproj/LaunchScreen.storyboard; sourceTree = "<group>"; };
		4EAEEAB02C1AF52B00A61BE4 /* Info.plist */ = {isa = PBXFileReference; lastKnownFileType = text.plist.xml; path = Info.plist; sourceTree = "<group>"; };
		4EAEEAB72C1AF59F00A61BE4 /* .gitignore */ = {isa = PBXFileReference; lastKnownFileType = text; path = .gitignore; sourceTree = "<group>"; };
		4EAEEABD2C1AF6BE00A61BE4 /* OnboardingViewController.swift */ = {isa = PBXFileReference; lastKnownFileType = sourcecode.swift; path = OnboardingViewController.swift; sourceTree = "<group>"; };
		4EAEEAC02C1AF7C700A61BE4 /* APIKey.swift */ = {isa = PBXFileReference; lastKnownFileType = sourcecode.swift; path = APIKey.swift; sourceTree = "<group>"; };
		4EAEEAC22C1AFD4A00A61BE4 /* Colors.swift */ = {isa = PBXFileReference; lastKnownFileType = sourcecode.swift; path = Colors.swift; sourceTree = "<group>"; };
		4EAEEAC52C1B003000A61BE4 /* ZingRustDemo-Base.otf */ = {isa = PBXFileReference; lastKnownFileType = file; path = "ZingRustDemo-Base.otf"; sourceTree = "<group>"; };
/* End PBXFileReference section */

/* Begin PBXFrameworksBuildPhase section */
		4EAEEA9C2C1AF52900A61BE4 /* Frameworks */ = {
			isa = PBXFrameworksBuildPhase;
			buildActionMask = 2147483647;
			files = (
				4EAEEACF2C1B01EC00A61BE4 /* Kingfisher in Frameworks */,
				4EAEEAD22C1B01F600A61BE4 /* Alamofire in Frameworks */,
				4EAEEACC2C1B01E200A61BE4 /* Toast in Frameworks */,
				4EAEEAC92C1B01DB00A61BE4 /* SnapKit in Frameworks */,
			);
			runOnlyForDeploymentPostprocessing = 0;
		};
/* End PBXFrameworksBuildPhase section */

/* Begin PBXGroup section */
		4E275EC02C1EAE8D00167C14 /* Search */ = {
			isa = PBXGroup;
			children = (
				4E275EBE2C1EAAF500167C14 /* SearchView.swift */,
				4E275EC82C1EB24800167C14 /* SearchResultView.swift */,
				4E3AF1EC2C2018B1009F8472 /* SearchDetailView.swift */,
			);
			path = Search;
			sourceTree = "<group>";
		};
		4E275EC12C1EAE9B00167C14 /* SignUp */ = {
			isa = PBXGroup;
			children = (
				4E76237C2C1BF1F0002DDB17 /* OnboardingView.swift */,
				4E76237E2C1C1393002DDB17 /* NicknameSettingView.swift */,
				4E7623942C1DA0F5002DDB17 /* ImageSettingView.swift */,
			);
			path = SignUp;
			sourceTree = "<group>";
		};
		4E275EC22C1EAEB900167C14 /* Setting */ = {
			isa = PBXGroup;
			children = (
				4E275EBC2C1EA9BD00167C14 /* SettingView.swift */,
			);
			path = Setting;
			sourceTree = "<group>";
		};
		4E275EC32C1EAECD00167C14 /* SignUp */ = {
			isa = PBXGroup;
			children = (
				4EAEEABD2C1AF6BE00A61BE4 /* OnboardingViewController.swift */,
				4E7623792C1BE492002DDB17 /* NicknameSettingViewController.swift */,
				4E7623922C1DA0BB002DDB17 /* ImageSettingViewController.swift */,
			);
			path = SignUp;
			sourceTree = "<group>";
		};
		4E275EC42C1EAED900167C14 /* Search */ = {
			isa = PBXGroup;
			children = (
				4E275EB82C1EA4B100167C14 /* SearchViewController.swift */,
				4E275EC62C1EB23B00167C14 /* SearchResultViewController.swift */,
				4E3AF1EA2C20183F009F8472 /* SearchDetailViewController.swift */,
			);
			path = Search;
			sourceTree = "<group>";
		};
		4E275EC52C1EAEE000167C14 /* Setting */ = {
			isa = PBXGroup;
			children = (
				4E275EBA2C1EA4BD00167C14 /* SettingViewController.swift */,
				4E3AF1FF2C206F64009F8472 /* NicknameChangeViewController.swift */,
				4E3AF20D2C213FE1009F8472 /* ImageChangeViewController.swift */,
			);
			path = Setting;
			sourceTree = "<group>";
		};
		4E3AF1F12C203AF0009F8472 /* SignUp */ = {
			isa = PBXGroup;
			children = (
				4E7623902C1D81C3002DDB17 /* NicknameSettingModel.swift */,
			);
			path = SignUp;
			sourceTree = "<group>";
		};
		4E3AF1F22C203AF9009F8472 /* Search */ = {
			isa = PBXGroup;
			children = (
				4E3AF2132C217D81009F8472 /* SearchModel.swift */,
				4E275ECE2C1EC4A000167C14 /* SearchResultModel.swift */,
				4E3AF1F32C203B45009F8472 /* SearchDetailModel.swift */,
			);
			path = Search;
			sourceTree = "<group>";
		};
		4E3AF2032C207084009F8472 /* Setting */ = {
			isa = PBXGroup;
			children = (
				4E3AF2152C2184BA009F8472 /* SettingModel.swift */,
			);
			path = Setting;
			sourceTree = "<group>";
		};
		4E7623702C1BD0FE002DDB17 /* Base */ = {
			isa = PBXGroup;
			children = (
				4E7623712C1BD12C002DDB17 /* BaseView.swift */,
				4E7623772C1BE0DF002DDB17 /* BaseButton.swift */,
				4E275ECA2C1EB69F00167C14 /* BaseSortButton.swift */,
				4E7623872C1D62F1002DDB17 /* BaseProfileView.swift */,
				4E7623852C1D5EBF002DDB17 /* BaseDivider.swift */,
				4E76238E2C1D77E6002DDB17 /* BaseTextField.swift */,
			);
			path = Base;
			sourceTree = "<group>";
		};
		4E76237B2C1BED40002DDB17 /* Views */ = {
			isa = PBXGroup;
			children = (
				4E7623702C1BD0FE002DDB17 /* Base */,
				4E275EC12C1EAE9B00167C14 /* SignUp */,
				4E275EC02C1EAE8D00167C14 /* Search */,
				4E275EC22C1EAEB900167C14 /* Setting */,
			);
			path = Views;
			sourceTree = "<group>";
		};
		4E76239A2C1DA539002DDB17 /* Cell */ = {
			isa = PBXGroup;
			children = (
				4E76239B2C1DA564002DDB17 /* ProfileImageCollectionViewCell.swift */,
				4E275ECC2C1EBE3A00167C14 /* SearchResultCollectionViewCell.swift */,
				4E3AF20F2C214453009F8472 /* SearchedWordTableViewCell.swift */,
				4E3AF1F52C20587A009F8472 /* SettingTableViewCell.swift */,
			);
			path = Cell;
			sourceTree = "<group>";
		};
		4E7D0A2C2C32B582000A9FF2 /* StoryBoard */ = {
			isa = PBXGroup;
			children = (
				4EAEEAAD2C1AF52B00A61BE4 /* LaunchScreen.storyboard */,
			);
			path = StoryBoard;
			sourceTree = "<group>";
		};
		4E7D0A2D2C32B599000A9FF2 /* Application */ = {
			isa = PBXGroup;
			children = (
				4EAEEAA22C1AF52900A61BE4 /* AppDelegate.swift */,
				4EAEEAA42C1AF52900A61BE4 /* SceneDelegate.swift */,
			);
			path = Application;
			sourceTree = "<group>";
		};
		4E7D0A302C32B701000A9FF2 /* Presentation */ = {
			isa = PBXGroup;
			children = (
				4EAEEAB62C1AF57B00A61BE4 /* Models */,
				4E76239A2C1DA539002DDB17 /* Cell */,
				4E76237B2C1BED40002DDB17 /* Views */,
				4EAEEABA2C1AF60500A61BE4 /* Controllers */,
			);
			path = Presentation;
			sourceTree = "<group>";
		};
		4EAEEA962C1AF52900A61BE4 = {
			isa = PBXGroup;
			children = (
				4EAEEAB72C1AF59F00A61BE4 /* .gitignore */,
				4EAEEAA12C1AF52900A61BE4 /* FinalChoice */,
				4EAEEAA02C1AF52900A61BE4 /* Products */,
			);
			sourceTree = "<group>";
		};
		4EAEEAA02C1AF52900A61BE4 /* Products */ = {
			isa = PBXGroup;
			children = (
				4EAEEA9F2C1AF52900A61BE4 /* FinalChoice.app */,
			);
			name = Products;
			sourceTree = "<group>";
		};
		4EAEEAA12C1AF52900A61BE4 /* FinalChoice */ = {
			isa = PBXGroup;
			children = (
				4E7D0A2C2C32B582000A9FF2 /* StoryBoard */,
				4E7D0A2D2C32B599000A9FF2 /* Application */,
				4EAEEABB2C1AF61F00A61BE4 /* Resources */,
				4E7D0A302C32B701000A9FF2 /* Presentation */,
			);
			path = FinalChoice;
			sourceTree = "<group>";
		};
		4EAEEAB62C1AF57B00A61BE4 /* Models */ = {
			isa = PBXGroup;
			children = (
				4E3AF1EF2C202A92009F8472 /* UserDefaultManager.swift */,
				4E3AF1E82C200AAB009F8472 /* ItemResult.swift */,
				4E3AF1F12C203AF0009F8472 /* SignUp */,
				4E3AF1F22C203AF9009F8472 /* Search */,
				4E3AF2032C207084009F8472 /* Setting */,
			);
			path = Models;
			sourceTree = "<group>";
		};
		4EAEEABA2C1AF60500A61BE4 /* Controllers */ = {
			isa = PBXGroup;
			children = (
				4E275EB62C1EA47800167C14 /* TabBarViewController.swift */,
				4E275EC32C1EAECD00167C14 /* SignUp */,
				4E275EC42C1EAED900167C14 /* Search */,
				4E275EC52C1EAEE000167C14 /* Setting */,
			);
			path = Controllers;
			sourceTree = "<group>";
		};
		4EAEEABB2C1AF61F00A61BE4 /* Resources */ = {
			isa = PBXGroup;
			children = (
				4EAEEAB02C1AF52B00A61BE4 /* Info.plist */,
				4EAEEAAB2C1AF52B00A61BE4 /* Assets.xcassets */,
				4EAEEAC52C1B003000A61BE4 /* ZingRustDemo-Base.otf */,
				4EAEEABC2C1AF65400A61BE4 /* Extensions */,
				4EAEEAC42C1AFE0E00A61BE4 /* NameSpace */,
				4EAEEABF2C1AF7B800A61BE4 /* Key */,
			);
			path = Resources;
			sourceTree = "<group>";
		};
		4EAEEABC2C1AF65400A61BE4 /* Extensions */ = {
			isa = PBXGroup;
			children = (
				4E3AF1FB2C206AA4009F8472 /* UIViewController+Extension.swift */,
				4E7623832C1D5B26002DDB17 /* UINavigationController+Extension.swift */,
				4E7623892C1D6BA5002DDB17 /* UITextField+Extension.swift */,
				4E3AF2112C216E49009F8472 /* UITableView+Extension.swift */,
				4E3AF1F72C2058E6009F8472 /* UITableViewCell+Extension.swift */,
				4E3AF1F92C206684009F8472 /* UILabel+Extension.swift */,
				4E3AF1FD2C206DE5009F8472 /* UIView+Extension.swift */,
				4E7D0A2E2C32B64C000A9FF2 /* NSObjectProtocol + Extension.swift */,
			);
			path = Extensions;
			sourceTree = "<group>";
		};
		4EAEEABF2C1AF7B800A61BE4 /* Key */ = {
			isa = PBXGroup;
			children = (
				4EAEEAC02C1AF7C700A61BE4 /* APIKey.swift */,
			);
			path = Key;
			sourceTree = "<group>";
		};
		4EAEEAC42C1AFE0E00A61BE4 /* NameSpace */ = {
			isa = PBXGroup;
			children = (
				4E7623732C1BD975002DDB17 /* Names.swift */,
				4EAEEAC22C1AFD4A00A61BE4 /* Colors.swift */,
				4E76236E2C1BCDE8002DDB17 /* Fonts.swift */,
				4E7623752C1BDA1B002DDB17 /* Images.swift */,
			);
			path = NameSpace;
			sourceTree = "<group>";
		};
/* End PBXGroup section */

/* Begin PBXNativeTarget section */
		4EAEEA9E2C1AF52900A61BE4 /* FinalChoice */ = {
			isa = PBXNativeTarget;
			buildConfigurationList = 4EAEEAB32C1AF52B00A61BE4 /* Build configuration list for PBXNativeTarget "FinalChoice" */;
			buildPhases = (
				4EAEEA9B2C1AF52900A61BE4 /* Sources */,
				4EAEEA9C2C1AF52900A61BE4 /* Frameworks */,
				4EAEEA9D2C1AF52900A61BE4 /* Resources */,
			);
			buildRules = (
			);
			dependencies = (
			);
			name = FinalChoice;
			packageProductDependencies = (
				4EAEEAC82C1B01DB00A61BE4 /* SnapKit */,
				4EAEEACB2C1B01E200A61BE4 /* Toast */,
				4EAEEACE2C1B01EC00A61BE4 /* Kingfisher */,
				4EAEEAD12C1B01F600A61BE4 /* Alamofire */,
			);
			productName = FinalChoice;
			productReference = 4EAEEA9F2C1AF52900A61BE4 /* FinalChoice.app */;
			productType = "com.apple.product-type.application";
		};
/* End PBXNativeTarget section */

/* Begin PBXProject section */
		4EAEEA972C1AF52900A61BE4 /* Project object */ = {
			isa = PBXProject;
			attributes = {
				BuildIndependentTargetsInParallel = 1;
				LastSwiftUpdateCheck = 1540;
				LastUpgradeCheck = 1540;
				TargetAttributes = {
					4EAEEA9E2C1AF52900A61BE4 = {
						CreatedOnToolsVersion = 15.4;
					};
				};
			};
			buildConfigurationList = 4EAEEA9A2C1AF52900A61BE4 /* Build configuration list for PBXProject "FinalChoice" */;
			compatibilityVersion = "Xcode 14.0";
			developmentRegion = en;
			hasScannedForEncodings = 0;
			knownRegions = (
				en,
				Base,
			);
			mainGroup = 4EAEEA962C1AF52900A61BE4;
			packageReferences = (
				4EAEEAC72C1B01DB00A61BE4 /* XCRemoteSwiftPackageReference "SnapKit" */,
				4EAEEACA2C1B01E200A61BE4 /* XCRemoteSwiftPackageReference "Toast-Swift" */,
				4EAEEACD2C1B01EC00A61BE4 /* XCRemoteSwiftPackageReference "Kingfisher" */,
				4EAEEAD02C1B01F600A61BE4 /* XCRemoteSwiftPackageReference "Alamofire" */,
			);
			productRefGroup = 4EAEEAA02C1AF52900A61BE4 /* Products */;
			projectDirPath = "";
			projectRoot = "";
			targets = (
				4EAEEA9E2C1AF52900A61BE4 /* FinalChoice */,
			);
		};
/* End PBXProject section */

/* Begin PBXResourcesBuildPhase section */
		4EAEEA9D2C1AF52900A61BE4 /* Resources */ = {
			isa = PBXResourcesBuildPhase;
			buildActionMask = 2147483647;
			files = (
				4EAEEAAC2C1AF52B00A61BE4 /* Assets.xcassets in Resources */,
				4EAEEAB82C1AF59F00A61BE4 /* .gitignore in Resources */,
				4EAEEAAF2C1AF52B00A61BE4 /* Base in Resources */,
				4EAEEAC62C1B003000A61BE4 /* ZingRustDemo-Base.otf in Resources */,
			);
			runOnlyForDeploymentPostprocessing = 0;
		};
/* End PBXResourcesBuildPhase section */

/* Begin PBXSourcesBuildPhase section */
		4EAEEA9B2C1AF52900A61BE4 /* Sources */ = {
			isa = PBXSourcesBuildPhase;
			buildActionMask = 2147483647;
			files = (
				4EAEEAA32C1AF52900A61BE4 /* AppDelegate.swift in Sources */,
				4E3AF1ED2C2018B1009F8472 /* SearchDetailView.swift in Sources */,
				4E7623722C1BD12C002DDB17 /* BaseView.swift in Sources */,
				4E3AF2142C217D81009F8472 /* SearchModel.swift in Sources */,
				4E3AF1E92C200AAB009F8472 /* ItemResult.swift in Sources */,
				4E7623932C1DA0BB002DDB17 /* ImageSettingViewController.swift in Sources */,
				4E275EBF2C1EAAF500167C14 /* SearchView.swift in Sources */,
				4E3AF1F62C20587A009F8472 /* SettingTableViewCell.swift in Sources */,
				4E7623782C1BE0DF002DDB17 /* BaseButton.swift in Sources */,
				4E3AF1F42C203B45009F8472 /* SearchDetailModel.swift in Sources */,
				4E7623952C1DA0F5002DDB17 /* ImageSettingView.swift in Sources */,
				4E76237A2C1BE492002DDB17 /* NicknameSettingViewController.swift in Sources */,
				4E7D0A2F2C32B64C000A9FF2 /* NSObjectProtocol + Extension.swift in Sources */,
				4E275EB92C1EA4B100167C14 /* SearchViewController.swift in Sources */,
				4E275ECD2C1EBE3A00167C14 /* SearchResultCollectionViewCell.swift in Sources */,
				4EAEEABE2C1AF6BE00A61BE4 /* OnboardingViewController.swift in Sources */,
				4E3AF1FC2C206AA4009F8472 /* UIViewController+Extension.swift in Sources */,
				4E3AF1F02C202A92009F8472 /* UserDefaultManager.swift in Sources */,
				4E76236F2C1BCDE8002DDB17 /* Fonts.swift in Sources */,
				4E76237F2C1C1393002DDB17 /* NicknameSettingView.swift in Sources */,
				4E7623762C1BDA1B002DDB17 /* Images.swift in Sources */,
				4E275ECB2C1EB69F00167C14 /* BaseSortButton.swift in Sources */,
				4E3AF1FE2C206DE5009F8472 /* UIView+Extension.swift in Sources */,
				4E3AF2102C214453009F8472 /* SearchedWordTableViewCell.swift in Sources */,
				4E7623912C1D81C3002DDB17 /* NicknameSettingModel.swift in Sources */,
				4E275EB72C1EA47800167C14 /* TabBarViewController.swift in Sources */,
				4E3AF2002C206F64009F8472 /* NicknameChangeViewController.swift in Sources */,
				4EAEEAC12C1AF7C700A61BE4 /* APIKey.swift in Sources */,
				4E7623862C1D5EBF002DDB17 /* BaseDivider.swift in Sources */,
				4E275EBD2C1EA9BD00167C14 /* SettingView.swift in Sources */,
				4E7623882C1D62F1002DDB17 /* BaseProfileView.swift in Sources */,
				4EAEEAC32C1AFD4A00A61BE4 /* Colors.swift in Sources */,
				4E76238F2C1D77E6002DDB17 /* BaseTextField.swift in Sources */,
				4E275EC72C1EB23B00167C14 /* SearchResultViewController.swift in Sources */,
				4E3AF20E2C213FE1009F8472 /* ImageChangeViewController.swift in Sources */,
				4E76239C2C1DA564002DDB17 /* ProfileImageCollectionViewCell.swift in Sources */,
				4E76237D2C1BF1F0002DDB17 /* OnboardingView.swift in Sources */,
				4E275EC92C1EB24800167C14 /* SearchResultView.swift in Sources */,
				4E275ECF2C1EC4A000167C14 /* SearchResultModel.swift in Sources */,
				4E7623842C1D5B26002DDB17 /* UINavigationController+Extension.swift in Sources */,
				4E275EBB2C1EA4BD00167C14 /* SettingViewController.swift in Sources */,
				4E3AF1F82C2058E6009F8472 /* UITableViewCell+Extension.swift in Sources */,
				4E7623742C1BD975002DDB17 /* Names.swift in Sources */,
				4E3AF2122C216E49009F8472 /* UITableView+Extension.swift in Sources */,
				4E3AF1FA2C206684009F8472 /* UILabel+Extension.swift in Sources */,
				4E3AF2162C2184BA009F8472 /* SettingModel.swift in Sources */,
				4EAEEAA52C1AF52900A61BE4 /* SceneDelegate.swift in Sources */,
				4E3AF1EB2C20183F009F8472 /* SearchDetailViewController.swift in Sources */,
				4E76238A2C1D6BA5002DDB17 /* UITextField+Extension.swift in Sources */,
			);
			runOnlyForDeploymentPostprocessing = 0;
		};
/* End PBXSourcesBuildPhase section */

/* Begin PBXVariantGroup section */
		4EAEEAAD2C1AF52B00A61BE4 /* LaunchScreen.storyboard */ = {
			isa = PBXVariantGroup;
			children = (
				4EAEEAAE2C1AF52B00A61BE4 /* Base */,
			);
			name = LaunchScreen.storyboard;
			sourceTree = "<group>";
		};
/* End PBXVariantGroup section */

/* Begin XCBuildConfiguration section */
		4EAEEAB12C1AF52B00A61BE4 /* Debug */ = {
			isa = XCBuildConfiguration;
			buildSettings = {
				ALWAYS_SEARCH_USER_PATHS = NO;
				ASSETCATALOG_COMPILER_GENERATE_SWIFT_ASSET_SYMBOL_EXTENSIONS = YES;
				CLANG_ANALYZER_NONNULL = YES;
				CLANG_ANALYZER_NUMBER_OBJECT_CONVERSION = YES_AGGRESSIVE;
				CLANG_CXX_LANGUAGE_STANDARD = "gnu++20";
				CLANG_ENABLE_MODULES = YES;
				CLANG_ENABLE_OBJC_ARC = YES;
				CLANG_ENABLE_OBJC_WEAK = YES;
				CLANG_WARN_BLOCK_CAPTURE_AUTORELEASING = YES;
				CLANG_WARN_BOOL_CONVERSION = YES;
				CLANG_WARN_COMMA = YES;
				CLANG_WARN_CONSTANT_CONVERSION = YES;
				CLANG_WARN_DEPRECATED_OBJC_IMPLEMENTATIONS = YES;
				CLANG_WARN_DIRECT_OBJC_ISA_USAGE = YES_ERROR;
				CLANG_WARN_DOCUMENTATION_COMMENTS = YES;
				CLANG_WARN_EMPTY_BODY = YES;
				CLANG_WARN_ENUM_CONVERSION = YES;
				CLANG_WARN_INFINITE_RECURSION = YES;
				CLANG_WARN_INT_CONVERSION = YES;
				CLANG_WARN_NON_LITERAL_NULL_CONVERSION = YES;
				CLANG_WARN_OBJC_IMPLICIT_RETAIN_SELF = YES;
				CLANG_WARN_OBJC_LITERAL_CONVERSION = YES;
				CLANG_WARN_OBJC_ROOT_CLASS = YES_ERROR;
				CLANG_WARN_QUOTED_INCLUDE_IN_FRAMEWORK_HEADER = YES;
				CLANG_WARN_RANGE_LOOP_ANALYSIS = YES;
				CLANG_WARN_STRICT_PROTOTYPES = YES;
				CLANG_WARN_SUSPICIOUS_MOVE = YES;
				CLANG_WARN_UNGUARDED_AVAILABILITY = YES_AGGRESSIVE;
				CLANG_WARN_UNREACHABLE_CODE = YES;
				CLANG_WARN__DUPLICATE_METHOD_MATCH = YES;
				COPY_PHASE_STRIP = NO;
				DEBUG_INFORMATION_FORMAT = dwarf;
				ENABLE_STRICT_OBJC_MSGSEND = YES;
				ENABLE_TESTABILITY = YES;
				ENABLE_USER_SCRIPT_SANDBOXING = YES;
				GCC_C_LANGUAGE_STANDARD = gnu17;
				GCC_DYNAMIC_NO_PIC = NO;
				GCC_NO_COMMON_BLOCKS = YES;
				GCC_OPTIMIZATION_LEVEL = 0;
				GCC_PREPROCESSOR_DEFINITIONS = (
					"DEBUG=1",
					"$(inherited)",
				);
				GCC_WARN_64_TO_32_BIT_CONVERSION = YES;
				GCC_WARN_ABOUT_RETURN_TYPE = YES_ERROR;
				GCC_WARN_UNDECLARED_SELECTOR = YES;
				GCC_WARN_UNINITIALIZED_AUTOS = YES_AGGRESSIVE;
				GCC_WARN_UNUSED_FUNCTION = YES;
				GCC_WARN_UNUSED_VARIABLE = YES;
				IPHONEOS_DEPLOYMENT_TARGET = 17.5;
				LOCALIZATION_PREFERS_STRING_CATALOGS = YES;
				MTL_ENABLE_DEBUG_INFO = INCLUDE_SOURCE;
				MTL_FAST_MATH = YES;
				ONLY_ACTIVE_ARCH = YES;
				SDKROOT = iphoneos;
				SWIFT_ACTIVE_COMPILATION_CONDITIONS = "DEBUG $(inherited)";
				SWIFT_OPTIMIZATION_LEVEL = "-Onone";
			};
			name = Debug;
		};
		4EAEEAB22C1AF52B00A61BE4 /* Release */ = {
			isa = XCBuildConfiguration;
			buildSettings = {
				ALWAYS_SEARCH_USER_PATHS = NO;
				ASSETCATALOG_COMPILER_GENERATE_SWIFT_ASSET_SYMBOL_EXTENSIONS = YES;
				CLANG_ANALYZER_NONNULL = YES;
				CLANG_ANALYZER_NUMBER_OBJECT_CONVERSION = YES_AGGRESSIVE;
				CLANG_CXX_LANGUAGE_STANDARD = "gnu++20";
				CLANG_ENABLE_MODULES = YES;
				CLANG_ENABLE_OBJC_ARC = YES;
				CLANG_ENABLE_OBJC_WEAK = YES;
				CLANG_WARN_BLOCK_CAPTURE_AUTORELEASING = YES;
				CLANG_WARN_BOOL_CONVERSION = YES;
				CLANG_WARN_COMMA = YES;
				CLANG_WARN_CONSTANT_CONVERSION = YES;
				CLANG_WARN_DEPRECATED_OBJC_IMPLEMENTATIONS = YES;
				CLANG_WARN_DIRECT_OBJC_ISA_USAGE = YES_ERROR;
				CLANG_WARN_DOCUMENTATION_COMMENTS = YES;
				CLANG_WARN_EMPTY_BODY = YES;
				CLANG_WARN_ENUM_CONVERSION = YES;
				CLANG_WARN_INFINITE_RECURSION = YES;
				CLANG_WARN_INT_CONVERSION = YES;
				CLANG_WARN_NON_LITERAL_NULL_CONVERSION = YES;
				CLANG_WARN_OBJC_IMPLICIT_RETAIN_SELF = YES;
				CLANG_WARN_OBJC_LITERAL_CONVERSION = YES;
				CLANG_WARN_OBJC_ROOT_CLASS = YES_ERROR;
				CLANG_WARN_QUOTED_INCLUDE_IN_FRAMEWORK_HEADER = YES;
				CLANG_WARN_RANGE_LOOP_ANALYSIS = YES;
				CLANG_WARN_STRICT_PROTOTYPES = YES;
				CLANG_WARN_SUSPICIOUS_MOVE = YES;
				CLANG_WARN_UNGUARDED_AVAILABILITY = YES_AGGRESSIVE;
				CLANG_WARN_UNREACHABLE_CODE = YES;
				CLANG_WARN__DUPLICATE_METHOD_MATCH = YES;
				COPY_PHASE_STRIP = NO;
				DEBUG_INFORMATION_FORMAT = "dwarf-with-dsym";
				ENABLE_NS_ASSERTIONS = NO;
				ENABLE_STRICT_OBJC_MSGSEND = YES;
				ENABLE_USER_SCRIPT_SANDBOXING = YES;
				GCC_C_LANGUAGE_STANDARD = gnu17;
				GCC_NO_COMMON_BLOCKS = YES;
				GCC_WARN_64_TO_32_BIT_CONVERSION = YES;
				GCC_WARN_ABOUT_RETURN_TYPE = YES_ERROR;
				GCC_WARN_UNDECLARED_SELECTOR = YES;
				GCC_WARN_UNINITIALIZED_AUTOS = YES_AGGRESSIVE;
				GCC_WARN_UNUSED_FUNCTION = YES;
				GCC_WARN_UNUSED_VARIABLE = YES;
				IPHONEOS_DEPLOYMENT_TARGET = 17.5;
				LOCALIZATION_PREFERS_STRING_CATALOGS = YES;
				MTL_ENABLE_DEBUG_INFO = NO;
				MTL_FAST_MATH = YES;
				SDKROOT = iphoneos;
				SWIFT_COMPILATION_MODE = wholemodule;
				VALIDATE_PRODUCT = YES;
			};
			name = Release;
		};
		4EAEEAB42C1AF52B00A61BE4 /* Debug */ = {
			isa = XCBuildConfiguration;
			buildSettings = {
				ASSETCATALOG_COMPILER_APPICON_NAME = AppIcon;
				ASSETCATALOG_COMPILER_GLOBAL_ACCENT_COLOR_NAME = AccentColor;
				CODE_SIGN_STYLE = Automatic;
				CURRENT_PROJECT_VERSION = 1;
				DEVELOPMENT_TEAM = B44YL23J9X;
				GENERATE_INFOPLIST_FILE = YES;
				INFOPLIST_FILE = FinalChoice/Resources/Info.plist;
				INFOPLIST_KEY_CFBundleDisplayName = "서충원";
				INFOPLIST_KEY_UIApplicationSupportsIndirectInputEvents = YES;
				INFOPLIST_KEY_UILaunchStoryboardName = LaunchScreen;
				INFOPLIST_KEY_UISupportedInterfaceOrientations = UIInterfaceOrientationPortrait;
				INFOPLIST_KEY_UISupportedInterfaceOrientations_iPad = UIInterfaceOrientationPortrait;
				INFOPLIST_KEY_UISupportedInterfaceOrientations_iPhone = UIInterfaceOrientationPortrait;
				IPHONEOS_DEPLOYMENT_TARGET = 15.0;
				LD_RUNPATH_SEARCH_PATHS = (
					"$(inherited)",
					"@executable_path/Frameworks",
				);
				MARKETING_VERSION = 1.0;
				PRODUCT_BUNDLE_IDENTIFIER = com.seosieve.FinalChoice;
				PRODUCT_NAME = "$(TARGET_NAME)";
				SUPPORTED_PLATFORMS = "iphoneos iphonesimulator";
				SUPPORTS_MACCATALYST = NO;
				SUPPORTS_MAC_DESIGNED_FOR_IPHONE_IPAD = NO;
				SUPPORTS_XR_DESIGNED_FOR_IPHONE_IPAD = NO;
				SWIFT_EMIT_LOC_STRINGS = YES;
				SWIFT_VERSION = 5.0;
				TARGETED_DEVICE_FAMILY = 1;
			};
			name = Debug;
		};
		4EAEEAB52C1AF52B00A61BE4 /* Release */ = {
			isa = XCBuildConfiguration;
			buildSettings = {
				ASSETCATALOG_COMPILER_APPICON_NAME = AppIcon;
				ASSETCATALOG_COMPILER_GLOBAL_ACCENT_COLOR_NAME = AccentColor;
				CODE_SIGN_STYLE = Automatic;
				CURRENT_PROJECT_VERSION = 1;
				DEVELOPMENT_TEAM = B44YL23J9X;
				GENERATE_INFOPLIST_FILE = YES;
				INFOPLIST_FILE = FinalChoice/Resources/Info.plist;
				INFOPLIST_KEY_CFBundleDisplayName = "서충원";
				INFOPLIST_KEY_UIApplicationSupportsIndirectInputEvents = YES;
				INFOPLIST_KEY_UILaunchStoryboardName = LaunchScreen;
				INFOPLIST_KEY_UISupportedInterfaceOrientations = UIInterfaceOrientationPortrait;
				INFOPLIST_KEY_UISupportedInterfaceOrientations_iPad = UIInterfaceOrientationPortrait;
				INFOPLIST_KEY_UISupportedInterfaceOrientations_iPhone = UIInterfaceOrientationPortrait;
				IPHONEOS_DEPLOYMENT_TARGET = 15.0;
				LD_RUNPATH_SEARCH_PATHS = (
					"$(inherited)",
					"@executable_path/Frameworks",
				);
				MARKETING_VERSION = 1.0;
				PRODUCT_BUNDLE_IDENTIFIER = com.seosieve.FinalChoice;
				PRODUCT_NAME = "$(TARGET_NAME)";
				SUPPORTED_PLATFORMS = "iphoneos iphonesimulator";
				SUPPORTS_MACCATALYST = NO;
				SUPPORTS_MAC_DESIGNED_FOR_IPHONE_IPAD = NO;
				SUPPORTS_XR_DESIGNED_FOR_IPHONE_IPAD = NO;
				SWIFT_EMIT_LOC_STRINGS = YES;
				SWIFT_VERSION = 5.0;
				TARGETED_DEVICE_FAMILY = 1;
			};
			name = Release;
		};
/* End XCBuildConfiguration section */

/* Begin XCConfigurationList section */
		4EAEEA9A2C1AF52900A61BE4 /* Build configuration list for PBXProject "FinalChoice" */ = {
			isa = XCConfigurationList;
			buildConfigurations = (
				4EAEEAB12C1AF52B00A61BE4 /* Debug */,
				4EAEEAB22C1AF52B00A61BE4 /* Release */,
			);
			defaultConfigurationIsVisible = 0;
			defaultConfigurationName = Release;
		};
		4EAEEAB32C1AF52B00A61BE4 /* Build configuration list for PBXNativeTarget "FinalChoice" */ = {
			isa = XCConfigurationList;
			buildConfigurations = (
				4EAEEAB42C1AF52B00A61BE4 /* Debug */,
				4EAEEAB52C1AF52B00A61BE4 /* Release */,
			);
			defaultConfigurationIsVisible = 0;
			defaultConfigurationName = Release;
		};
/* End XCConfigurationList section */

/* Begin XCRemoteSwiftPackageReference section */
		4EAEEAC72C1B01DB00A61BE4 /* XCRemoteSwiftPackageReference "SnapKit" */ = {
			isa = XCRemoteSwiftPackageReference;
			repositoryURL = "https://github.com/SnapKit/SnapKit.git";
			requirement = {
				kind = upToNextMajorVersion;
				minimumVersion = 5.7.1;
			};
		};
		4EAEEACA2C1B01E200A61BE4 /* XCRemoteSwiftPackageReference "Toast-Swift" */ = {
			isa = XCRemoteSwiftPackageReference;
			repositoryURL = "https://github.com/scalessec/Toast-Swift.git";
			requirement = {
				kind = upToNextMajorVersion;
				minimumVersion = 5.1.1;
			};
		};
		4EAEEACD2C1B01EC00A61BE4 /* XCRemoteSwiftPackageReference "Kingfisher" */ = {
			isa = XCRemoteSwiftPackageReference;
			repositoryURL = "https://github.com/onevcat/Kingfisher.git";
			requirement = {
				kind = upToNextMajorVersion;
				minimumVersion = 7.12.0;
			};
		};
		4EAEEAD02C1B01F600A61BE4 /* XCRemoteSwiftPackageReference "Alamofire" */ = {
			isa = XCRemoteSwiftPackageReference;
			repositoryURL = "https://github.com/Alamofire/Alamofire.git";
			requirement = {
				kind = upToNextMajorVersion;
				minimumVersion = 5.9.1;
			};
		};
/* End XCRemoteSwiftPackageReference section */

/* Begin XCSwiftPackageProductDependency section */
		4EAEEAC82C1B01DB00A61BE4 /* SnapKit */ = {
			isa = XCSwiftPackageProductDependency;
			package = 4EAEEAC72C1B01DB00A61BE4 /* XCRemoteSwiftPackageReference "SnapKit" */;
			productName = SnapKit;
		};
		4EAEEACB2C1B01E200A61BE4 /* Toast */ = {
			isa = XCSwiftPackageProductDependency;
			package = 4EAEEACA2C1B01E200A61BE4 /* XCRemoteSwiftPackageReference "Toast-Swift" */;
			productName = Toast;
		};
		4EAEEACE2C1B01EC00A61BE4 /* Kingfisher */ = {
			isa = XCSwiftPackageProductDependency;
			package = 4EAEEACD2C1B01EC00A61BE4 /* XCRemoteSwiftPackageReference "Kingfisher" */;
			productName = Kingfisher;
		};
		4EAEEAD12C1B01F600A61BE4 /* Alamofire */ = {
			isa = XCSwiftPackageProductDependency;
			package = 4EAEEAD02C1B01F600A61BE4 /* XCRemoteSwiftPackageReference "Alamofire" */;
			productName = Alamofire;
		};
/* End XCSwiftPackageProductDependency section */
	};
	rootObject = 4EAEEA972C1AF52900A61BE4 /* Project object */;
}
